# This file is generated by running "yarn install" inside your project.
# Manual changes might be lost - proceed with caution!

__metadata:
  version: 8
  cacheKey: 10c0

"@fastify/ajv-compiler@npm:^3.5.0":
  version: 3.6.0
  resolution: "@fastify/ajv-compiler@npm:3.6.0"
  dependencies:
    ajv: "npm:^8.11.0"
    ajv-formats: "npm:^2.1.1"
    fast-uri: "npm:^2.0.0"
  checksum: 10c0/f0be2ca1f75833492829c52c5f5ef0ec118bdd010614e002a6366952c27297c0f6a7dafb5917a0f9c4aaa84aa32a39e520c6d837fa251748717d58590cfc8177
  languageName: node
  linkType: hard

"@fastify/error@npm:^3.3.0, @fastify/error@npm:^3.4.0":
  version: 3.4.1
  resolution: "@fastify/error@npm:3.4.1"
  checksum: 10c0/1f1a0faa8c86639afb6f4bd47a9cdc1f0f20ce0d6944340fbdec8218aaba91dc9cae9ed78e24e61bceb782a867efda2b9a6320091f00dcbb896d9c8a9bdf5f96
  languageName: node
  linkType: hard

"@fastify/fast-json-stringify-compiler@npm:^4.3.0":
  version: 4.3.0
  resolution: "@fastify/fast-json-stringify-compiler@npm:4.3.0"
  dependencies:
    fast-json-stringify: "npm:^5.7.0"
  checksum: 10c0/513ef296f5ed682f7a460cfa6c5fb917a32fc540111b873c9937f944558e021492b18f30f9fd8dd20db252381a4428adbcc9f03a077f16c86d02f081eb490c7b
  languageName: node
  linkType: hard

"@fastify/merge-json-schemas@npm:^0.1.0":
  version: 0.1.1
  resolution: "@fastify/merge-json-schemas@npm:0.1.1"
  dependencies:
    fast-deep-equal: "npm:^3.1.3"
  checksum: 10c0/7979ce12724f7b98aea06f0bb9afb20dd869f0ff6fc697517135cbb54e0a36b062cbb38ec176fe43d1fc455576839240df8f33533939ace2d64a6218a6e6b9c1
  languageName: node
  linkType: hard

"@redis/bloom@npm:1.2.0":
  version: 1.2.0
  resolution: "@redis/bloom@npm:1.2.0"
  peerDependencies:
    "@redis/client": ^1.0.0
  checksum: 10c0/7dde8e67188164e96226c8a5c78ebd2801f1662947371e78fb95fb180c1e9ddff8d237012eb5e9182775be61cb546f67f759927cdaee0d178d863ee290e1fb27
  languageName: node
  linkType: hard

"@redis/client@npm:1.6.0":
  version: 1.6.0
  resolution: "@redis/client@npm:1.6.0"
  dependencies:
    cluster-key-slot: "npm:1.1.2"
    generic-pool: "npm:3.9.0"
    yallist: "npm:4.0.0"
  checksum: 10c0/c80a01b4f72d32284515dac6d1aefe0e9c881d08b8db33281f87b51650c1c116b18074a29ca81599d15dccb37b29eef9b26a75a5755150ae27d163e680c34bf6
  languageName: node
  linkType: hard

"@redis/graph@npm:1.1.1":
  version: 1.1.1
  resolution: "@redis/graph@npm:1.1.1"
  peerDependencies:
    "@redis/client": ^1.0.0
  checksum: 10c0/64199db2cb3669c4911af8aba3b7116c4c2c1df37ca74b2a65555e62c863935a0cea74bc41bd92acf2e551074eb2a30c75f54a9f439b40e0f9bb67fc5fb66614
  languageName: node
  linkType: hard

"@redis/json@npm:1.0.7":
  version: 1.0.7
  resolution: "@redis/json@npm:1.0.7"
  peerDependencies:
    "@redis/client": ^1.0.0
  checksum: 10c0/cef473711d66f7568a16edbd728acca7d237cfeaa15e0326b5b628dfab4afc0c76c7354e7f8efad6ecc64a1cb774e4aa060ee46497b633e18ba0a2f0aace1cc4
  languageName: node
  linkType: hard

"@redis/search@npm:1.2.0":
  version: 1.2.0
  resolution: "@redis/search@npm:1.2.0"
  peerDependencies:
    "@redis/client": ^1.0.0
  checksum: 10c0/01d57ac10d2c5698e04e4a2f945440db3087e8834643ca950c099879dbcd77526604ca6f5c2ee883dfd4b337b0a24cb7d81ac56845aa83f89a4f161362a08dc6
  languageName: node
  linkType: hard

"@redis/time-series@npm:1.1.0":
  version: 1.1.0
  resolution: "@redis/time-series@npm:1.1.0"
  peerDependencies:
    "@redis/client": ^1.0.0
  checksum: 10c0/503d0d5cbc9113d26666bb7b4dea57619badbcdfeee0369abf647250f26c5482ed5827c83f88f9f0cf22e021e3e7cb562459669d733fac05652972e208d6ba0f
  languageName: node
  linkType: hard

"@socket.io/component-emitter@npm:~3.1.0":
  version: 3.1.2
  resolution: "@socket.io/component-emitter@npm:3.1.2"
  checksum: 10c0/c4242bad66f67e6f7b712733d25b43cbb9e19a595c8701c3ad99cbeb5901555f78b095e24852f862fffb43e96f1d8552e62def885ca82ae1bb05da3668fd87d7
  languageName: node
  linkType: hard

"@types/cookie@npm:^0.4.1":
  version: 0.4.1
  resolution: "@types/cookie@npm:0.4.1"
  checksum: 10c0/f96afe12bd51be1ec61410b0641243d93fa3a494702407c787a4c872b5c8bcd39b224471452055e44a9ce42af1a636e87d161994226eaf4c2be9c30f60418409
  languageName: node
  linkType: hard

"@types/cors@npm:^2.8.12":
  version: 2.8.17
  resolution: "@types/cors@npm:2.8.17"
  dependencies:
    "@types/node": "npm:*"
  checksum: 10c0/457364c28c89f3d9ed34800e1de5c6eaaf344d1bb39af122f013322a50bc606eb2aa6f63de4e41a7a08ba7ef454473926c94a830636723da45bf786df032696d
  languageName: node
  linkType: hard

"@types/node@npm:*, @types/node@npm:>=10.0.0":
  version: 22.5.1
  resolution: "@types/node@npm:22.5.1"
  dependencies:
    undici-types: "npm:~6.19.2"
  checksum: 10c0/35373176d8a1d4e16004a1ed303e68d39e4c6341024dc056f2577982df98c1a045a6b677f12ed557796f09bbf7d621f428f6874cc37ed28f7b336fa604b5f6a6
  languageName: node
  linkType: hard

"abort-controller@npm:^3.0.0":
  version: 3.0.0
  resolution: "abort-controller@npm:3.0.0"
  dependencies:
    event-target-shim: "npm:^5.0.0"
  checksum: 10c0/90ccc50f010250152509a344eb2e71977fbf8db0ab8f1061197e3275ddf6c61a41a6edfd7b9409c664513131dd96e962065415325ef23efa5db931b382d24ca5
  languageName: node
  linkType: hard

"abstract-logging@npm:^2.0.1":
  version: 2.0.1
  resolution: "abstract-logging@npm:2.0.1"
  checksum: 10c0/304879d9babcf6772260e5ddde632e6428e1f42f7a7a116d4689e97ad813a20e0ec2dd1e0a122f3617557f40091b9ca85735de4b48c17a2041268cb47b3f8ef1
  languageName: node
  linkType: hard

"accepts@npm:~1.3.4":
  version: 1.3.8
  resolution: "accepts@npm:1.3.8"
  dependencies:
    mime-types: "npm:~2.1.34"
    negotiator: "npm:0.6.3"
  checksum: 10c0/3a35c5f5586cfb9a21163ca47a5f77ac34fa8ceb5d17d2fa2c0d81f41cbd7f8c6fa52c77e2c039acc0f4d09e71abdc51144246900f6bef5e3c4b333f77d89362
  languageName: node
  linkType: hard

"ajv-formats@npm:^2.1.1":
  version: 2.1.1
  resolution: "ajv-formats@npm:2.1.1"
  dependencies:
    ajv: "npm:^8.0.0"
  peerDependencies:
    ajv: ^8.0.0
  peerDependenciesMeta:
    ajv:
      optional: true
  checksum: 10c0/e43ba22e91b6a48d96224b83d260d3a3a561b42d391f8d3c6d2c1559f9aa5b253bfb306bc94bbeca1d967c014e15a6efe9a207309e95b3eaae07fcbcdc2af662
  languageName: node
  linkType: hard

"ajv-formats@npm:^3.0.1":
  version: 3.0.1
  resolution: "ajv-formats@npm:3.0.1"
  dependencies:
    ajv: "npm:^8.0.0"
  peerDependencies:
    ajv: ^8.0.0
  peerDependenciesMeta:
    ajv:
      optional: true
  checksum: 10c0/168d6bca1ea9f163b41c8147bae537e67bd963357a5488a1eaf3abe8baa8eec806d4e45f15b10767e6020679315c7e1e5e6803088dfb84efa2b4e9353b83dd0a
  languageName: node
  linkType: hard

"ajv@npm:^8.0.0, ajv@npm:^8.10.0, ajv@npm:^8.11.0":
  version: 8.17.1
  resolution: "ajv@npm:8.17.1"
  dependencies:
    fast-deep-equal: "npm:^3.1.3"
    fast-uri: "npm:^3.0.1"
    json-schema-traverse: "npm:^1.0.0"
    require-from-string: "npm:^2.0.2"
  checksum: 10c0/ec3ba10a573c6b60f94639ffc53526275917a2df6810e4ab5a6b959d87459f9ef3f00d5e7865b82677cb7d21590355b34da14d1d0b9c32d75f95a187e76fff35
  languageName: node
  linkType: hard

"atomic-sleep@npm:^1.0.0":
  version: 1.0.0
  resolution: "atomic-sleep@npm:1.0.0"
  checksum: 10c0/e329a6665512736a9bbb073e1761b4ec102f7926cce35037753146a9db9c8104f5044c1662e4a863576ce544fb8be27cd2be6bc8c1a40147d03f31eb1cfb6e8a
  languageName: node
  linkType: hard

"avvio@npm:^8.3.0":
  version: 8.4.0
  resolution: "avvio@npm:8.4.0"
  dependencies:
    "@fastify/error": "npm:^3.3.0"
    fastq: "npm:^1.17.1"
  checksum: 10c0/bea7f28e38b57755786852226f380ea087d572f8bbcfe14b59d1239551ef89cecc40229a6ac85e17af44c81a481d03280576586385e93d76bb9f2c5bc75c6067
  languageName: node
  linkType: hard

"backend-party-drawing@workspace:.":
  version: 0.0.0-use.local
  resolution: "backend-party-drawing@workspace:."
  dependencies:
    fastify: "npm:^4.28.1"
    redis: "npm:^4.7.0"
    socket.io: "npm:^4.7.5"
  languageName: unknown
  linkType: soft

"base64-js@npm:^1.3.1":
  version: 1.5.1
  resolution: "base64-js@npm:1.5.1"
  checksum: 10c0/f23823513b63173a001030fae4f2dabe283b99a9d324ade3ad3d148e218134676f1ee8568c877cd79ec1c53158dcf2d2ba527a97c606618928ba99dd930102bf
  languageName: node
  linkType: hard

"base64id@npm:2.0.0, base64id@npm:~2.0.0":
  version: 2.0.0
  resolution: "base64id@npm:2.0.0"
  checksum: 10c0/6919efd237ed44b9988cbfc33eca6f173a10e810ce50292b271a1a421aac7748ef232a64d1e6032b08f19aae48dce6ee8f66c5ae2c9e5066c82b884861d4d453
  languageName: node
  linkType: hard

"buffer@npm:^6.0.3":
  version: 6.0.3
  resolution: "buffer@npm:6.0.3"
  dependencies:
    base64-js: "npm:^1.3.1"
    ieee754: "npm:^1.2.1"
  checksum: 10c0/2a905fbbcde73cc5d8bd18d1caa23715d5f83a5935867c2329f0ac06104204ba7947be098fe1317fbd8830e26090ff8e764f08cd14fefc977bb248c3487bcbd0
  languageName: node
  linkType: hard

"cluster-key-slot@npm:1.1.2":
  version: 1.1.2
  resolution: "cluster-key-slot@npm:1.1.2"
  checksum: 10c0/d7d39ca28a8786e9e801eeb8c770e3c3236a566625d7299a47bb71113fb2298ce1039596acb82590e598c52dbc9b1f088c8f587803e697cb58e1867a95ff94d3
  languageName: node
  linkType: hard

"cookie@npm:^0.6.0":
  version: 0.6.0
  resolution: "cookie@npm:0.6.0"
  checksum: 10c0/f2318b31af7a31b4ddb4a678d024514df5e705f9be5909a192d7f116cfb6d45cbacf96a473fa733faa95050e7cff26e7832bb3ef94751592f1387b71c8956686
  languageName: node
  linkType: hard

"cookie@npm:~0.4.1":
  version: 0.4.2
  resolution: "cookie@npm:0.4.2"
  checksum: 10c0/beab41fbd7c20175e3a2799ba948c1dcc71ef69f23fe14eeeff59fc09f50c517b0f77098db87dbb4c55da802f9d86ee86cdc1cd3efd87760341551838d53fca2
  languageName: node
  linkType: hard

"cors@npm:~2.8.5":
  version: 2.8.5
  resolution: "cors@npm:2.8.5"
  dependencies:
    object-assign: "npm:^4"
    vary: "npm:^1"
  checksum: 10c0/373702b7999409922da80de4a61938aabba6929aea5b6fd9096fefb9e8342f626c0ebd7507b0e8b0b311380744cc985f27edebc0a26e0ddb784b54e1085de761
  languageName: node
  linkType: hard

"debug@npm:~4.3.1, debug@npm:~4.3.2, debug@npm:~4.3.4":
  version: 4.3.6
  resolution: "debug@npm:4.3.6"
  dependencies:
    ms: "npm:2.1.2"
  peerDependenciesMeta:
    supports-color:
      optional: true
  checksum: 10c0/3293416bff072389c101697d4611c402a6bacd1900ac20c0492f61a9cdd6b3b29750fc7f5e299f8058469ef60ff8fb79b86395a30374fbd2490113c1c7112285
  languageName: node
  linkType: hard

"engine.io-parser@npm:~5.2.1":
  version: 5.2.3
  resolution: "engine.io-parser@npm:5.2.3"
  checksum: 10c0/ed4900d8dbef470ab3839ccf3bfa79ee518ea8277c7f1f2759e8c22a48f64e687ea5e474291394d0c94f84054749fd93f3ef0acb51fa2f5f234cc9d9d8e7c536
  languageName: node
  linkType: hard

"engine.io@npm:~6.5.2":
  version: 6.5.5
  resolution: "engine.io@npm:6.5.5"
  dependencies:
    "@types/cookie": "npm:^0.4.1"
    "@types/cors": "npm:^2.8.12"
    "@types/node": "npm:>=10.0.0"
    accepts: "npm:~1.3.4"
    base64id: "npm:2.0.0"
    cookie: "npm:~0.4.1"
    cors: "npm:~2.8.5"
    debug: "npm:~4.3.1"
    engine.io-parser: "npm:~5.2.1"
    ws: "npm:~8.17.1"
  checksum: 10c0/b0994134917c5d3649fd7aea283492eaf092131e572a8d379c7c9081548b42cff756730b4641edd0d1598148dd3be253c4d634cea2ba5c59622d175d9e567469
  languageName: node
  linkType: hard

"event-target-shim@npm:^5.0.0":
  version: 5.0.1
  resolution: "event-target-shim@npm:5.0.1"
  checksum: 10c0/0255d9f936215fd206156fd4caa9e8d35e62075d720dc7d847e89b417e5e62cf1ce6c9b4e0a1633a9256de0efefaf9f8d26924b1f3c8620cffb9db78e7d3076b
  languageName: node
  linkType: hard

"events@npm:^3.3.0":
  version: 3.3.0
  resolution: "events@npm:3.3.0"
  checksum: 10c0/d6b6f2adbccbcda74ddbab52ed07db727ef52e31a61ed26db9feb7dc62af7fc8e060defa65e5f8af9449b86b52cc1a1f6a79f2eafcf4e62add2b7a1fa4a432f6
  languageName: node
  linkType: hard

"fast-content-type-parse@npm:^1.1.0":
  version: 1.1.0
  resolution: "fast-content-type-parse@npm:1.1.0"
  checksum: 10c0/882bf990fa5d64be1825ce183818db43900ece0d7ef184cb9409bae8ed1001acbe536a657b1496382cb3e308e71ab39cc399bbdae70cba1745eecaeca4e55384
  languageName: node
  linkType: hard

"fast-decode-uri-component@npm:^1.0.1":
  version: 1.0.1
  resolution: "fast-decode-uri-component@npm:1.0.1"
  checksum: 10c0/039d50c2e99d64f999c3f2126c23fbf75a04a4117e218a149ca0b1d2aeb8c834b7b19d643b9d35d4eabce357189a6a94085f78cf48869e6e26cc59b036284bc3
  languageName: node
  linkType: hard

"fast-deep-equal@npm:^3.1.3":
  version: 3.1.3
  resolution: "fast-deep-equal@npm:3.1.3"
  checksum: 10c0/40dedc862eb8992c54579c66d914635afbec43350afbbe991235fdcb4e3a8d5af1b23ae7e79bef7d4882d0ecee06c3197488026998fb19f72dc95acff1d1b1d0
  languageName: node
  linkType: hard

"fast-json-stringify@npm:^5.7.0, fast-json-stringify@npm:^5.8.0":
  version: 5.16.1
  resolution: "fast-json-stringify@npm:5.16.1"
  dependencies:
    "@fastify/merge-json-schemas": "npm:^0.1.0"
    ajv: "npm:^8.10.0"
    ajv-formats: "npm:^3.0.1"
    fast-deep-equal: "npm:^3.1.3"
    fast-uri: "npm:^2.1.0"
    json-schema-ref-resolver: "npm:^1.0.1"
    rfdc: "npm:^1.2.0"
  checksum: 10c0/bbf955d9912fb827dff0e097fdbff3c11aec540ea8019a19593a16224cac70d49d0cebd98e412843fc72259184f73a78a45e63040d3c44349f4735a492f2f1a4
  languageName: node
  linkType: hard

"fast-querystring@npm:^1.0.0":
  version: 1.1.2
  resolution: "fast-querystring@npm:1.1.2"
  dependencies:
    fast-decode-uri-component: "npm:^1.0.1"
  checksum: 10c0/e8223273a9b199722f760f5a047a77ad049a14bd444b821502cb8218f5925e3a5fffb56b64389bca73ab2ac6f1aa7aebbe4e203e5f6e53ff5978de97c0fde4e3
  languageName: node
  linkType: hard

"fast-redact@npm:^3.1.1":
  version: 3.5.0
  resolution: "fast-redact@npm:3.5.0"
  checksum: 10c0/7e2ce4aad6e7535e0775bf12bd3e4f2e53d8051d8b630e0fa9e67f68cb0b0e6070d2f7a94b1d0522ef07e32f7c7cda5755e2b677a6538f1e9070ca053c42343a
  languageName: node
  linkType: hard

"fast-uri@npm:^2.0.0, fast-uri@npm:^2.1.0":
  version: 2.4.0
  resolution: "fast-uri@npm:2.4.0"
  checksum: 10c0/300453cfe2f7d5ec16be0f2c8dc5b280edbaca59440b2deb4ab56ac0f584637179e9ee7539d0b70ef0fce9608245ebfa75307c84fa4829b1065c3b7ef7dcf706
  languageName: node
  linkType: hard

"fast-uri@npm:^3.0.1":
  version: 3.0.1
  resolution: "fast-uri@npm:3.0.1"
  checksum: 10c0/3cd46d6006083b14ca61ffe9a05b8eef75ef87e9574b6f68f2e17ecf4daa7aaadeff44e3f0f7a0ef4e0f7e7c20fc07beec49ff14dc72d0b500f00386592f2d10
  languageName: node
  linkType: hard

"fastify@npm:^4.28.1":
  version: 4.28.1
  resolution: "fastify@npm:4.28.1"
  dependencies:
    "@fastify/ajv-compiler": "npm:^3.5.0"
    "@fastify/error": "npm:^3.4.0"
    "@fastify/fast-json-stringify-compiler": "npm:^4.3.0"
    abstract-logging: "npm:^2.0.1"
    avvio: "npm:^8.3.0"
    fast-content-type-parse: "npm:^1.1.0"
    fast-json-stringify: "npm:^5.8.0"
    find-my-way: "npm:^8.0.0"
    light-my-request: "npm:^5.11.0"
    pino: "npm:^9.0.0"
    process-warning: "npm:^3.0.0"
    proxy-addr: "npm:^2.0.7"
    rfdc: "npm:^1.3.0"
    secure-json-parse: "npm:^2.7.0"
    semver: "npm:^7.5.4"
    toad-cache: "npm:^3.3.0"
  checksum: 10c0/9c212e9a72c42a27ebc9b0bc7fda8f94ff208250158093374942b0e156a3f55fa848c926921f99bdf7f38f6f8103ac28ecc72cc507f33893cd121ce4f3eda069
  languageName: node
  linkType: hard

"fastq@npm:^1.17.1":
  version: 1.17.1
  resolution: "fastq@npm:1.17.1"
  dependencies:
    reusify: "npm:^1.0.4"
  checksum: 10c0/1095f16cea45fb3beff558bb3afa74ca7a9250f5a670b65db7ed585f92b4b48381445cd328b3d87323da81e43232b5d5978a8201bde84e0cd514310f1ea6da34
  languageName: node
  linkType: hard

"find-my-way@npm:^8.0.0":
  version: 8.2.0
  resolution: "find-my-way@npm:8.2.0"
  dependencies:
    fast-deep-equal: "npm:^3.1.3"
    fast-querystring: "npm:^1.0.0"
    safe-regex2: "npm:^3.1.0"
  checksum: 10c0/f0f0370215f7b693729483481cd8c642a2e42e7ec7296f099faf46c523a3cac2bcafc24229dc971f87def36c5fa1fdf7f08a7238144affd2ab3c57f75b9aaca6
  languageName: node
  linkType: hard

"forwarded@npm:0.2.0":
  version: 0.2.0
  resolution: "forwarded@npm:0.2.0"
  checksum: 10c0/9b67c3fac86acdbc9ae47ba1ddd5f2f81526fa4c8226863ede5600a3f7c7416ef451f6f1e240a3cc32d0fd79fcfe6beb08fd0da454f360032bde70bf80afbb33
  languageName: node
  linkType: hard

"generic-pool@npm:3.9.0":
  version: 3.9.0
  resolution: "generic-pool@npm:3.9.0"
  checksum: 10c0/6b314d0d71170d5cbaf7162c423f53f8d6556b2135626a65bcdc03c089840b0a2f59eeb2d907939b8200e945eaf71ceb6630426f22d2128a1d242aec4b232aa7
  languageName: node
  linkType: hard

"ieee754@npm:^1.2.1":
  version: 1.2.1
  resolution: "ieee754@npm:1.2.1"
  checksum: 10c0/b0782ef5e0935b9f12883a2e2aa37baa75da6e66ce6515c168697b42160807d9330de9a32ec1ed73149aea02e0d822e572bca6f1e22bdcbd2149e13b050b17bb
  languageName: node
  linkType: hard

"ipaddr.js@npm:1.9.1":
  version: 1.9.1
  resolution: "ipaddr.js@npm:1.9.1"
  checksum: 10c0/0486e775047971d3fdb5fb4f063829bac45af299ae0b82dcf3afa2145338e08290563a2a70f34b732d795ecc8311902e541a8530eeb30d75860a78ff4e94ce2a
  languageName: node
  linkType: hard

"json-schema-ref-resolver@npm:^1.0.1":
  version: 1.0.1
  resolution: "json-schema-ref-resolver@npm:1.0.1"
  dependencies:
    fast-deep-equal: "npm:^3.1.3"
  checksum: 10c0/aa89d88108c0109ae35b913c89c132fb50c00f3b99fc8a8309b524b9e3a6a77414f19a6a35a1253871462984cbabc74279ebbd9bf103c6629fb7b37c9fb59bcf
  languageName: node
  linkType: hard

"json-schema-traverse@npm:^1.0.0":
  version: 1.0.0
  resolution: "json-schema-traverse@npm:1.0.0"
  checksum: 10c0/71e30015d7f3d6dc1c316d6298047c8ef98a06d31ad064919976583eb61e1018a60a0067338f0f79cabc00d84af3fcc489bd48ce8a46ea165d9541ba17fb30c6
  languageName: node
  linkType: hard

"light-my-request@npm:^5.11.0":
  version: 5.13.0
  resolution: "light-my-request@npm:5.13.0"
  dependencies:
    cookie: "npm:^0.6.0"
    process-warning: "npm:^3.0.0"
    set-cookie-parser: "npm:^2.4.1"
  checksum: 10c0/460117f30e09c2eec3a62e6ba4264111a28b881fdd0ea79493ed889ebf69a56482d603f0685a0e2930b5ec53205d28c46f3cdf13d7888914852eb7c4dac83285
  languageName: node
  linkType: hard

"mime-db@npm:1.52.0":
  version: 1.52.0
  resolution: "mime-db@npm:1.52.0"
  checksum: 10c0/0557a01deebf45ac5f5777fe7740b2a5c309c6d62d40ceab4e23da9f821899ce7a900b7ac8157d4548ddbb7beffe9abc621250e6d182b0397ec7f10c7b91a5aa
  languageName: node
  linkType: hard

"mime-types@npm:~2.1.34":
  version: 2.1.35
  resolution: "mime-types@npm:2.1.35"
  dependencies:
    mime-db: "npm:1.52.0"
  checksum: 10c0/82fb07ec56d8ff1fc999a84f2f217aa46cb6ed1033fefaabd5785b9a974ed225c90dc72fff460259e66b95b73648596dbcc50d51ed69cdf464af2d237d3149b2
  languageName: node
  linkType: hard

"ms@npm:2.1.2":
  version: 2.1.2
  resolution: "ms@npm:2.1.2"
  checksum: 10c0/a437714e2f90dbf881b5191d35a6db792efbca5badf112f87b9e1c712aace4b4b9b742dd6537f3edf90fd6f684de897cec230abde57e87883766712ddda297cc
  languageName: node
  linkType: hard

"negotiator@npm:0.6.3":
  version: 0.6.3
  resolution: "negotiator@npm:0.6.3"
  checksum: 10c0/3ec9fd413e7bf071c937ae60d572bc67155262068ed522cf4b3be5edbe6ddf67d095ec03a3a14ebf8fc8e95f8e1d61be4869db0dbb0de696f6b837358bd43fc2
  languageName: node
  linkType: hard

"object-assign@npm:^4":
  version: 4.1.1
  resolution: "object-assign@npm:4.1.1"
  checksum: 10c0/1f4df9945120325d041ccf7b86f31e8bcc14e73d29171e37a7903050e96b81323784ec59f93f102ec635bcf6fa8034ba3ea0a8c7e69fa202b87ae3b6cec5a414
  languageName: node
  linkType: hard

"on-exit-leak-free@npm:^2.1.0":
  version: 2.1.2
  resolution: "on-exit-leak-free@npm:2.1.2"
  checksum: 10c0/faea2e1c9d696ecee919026c32be8d6a633a7ac1240b3b87e944a380e8a11dc9c95c4a1f8fb0568de7ab8db3823e790f12bda45296b1d111e341aad3922a0570
  languageName: node
  linkType: hard

"pino-abstract-transport@npm:^1.2.0":
  version: 1.2.0
  resolution: "pino-abstract-transport@npm:1.2.0"
  dependencies:
    readable-stream: "npm:^4.0.0"
    split2: "npm:^4.0.0"
  checksum: 10c0/b4ab59529b7a91f488440147fc58ee0827a6c1c5ca3627292339354b1381072c1a6bfa9b46d03ad27872589e8477ecf74da12cf286e1e6b665ac64a3b806bf07
  languageName: node
  linkType: hard

"pino-std-serializers@npm:^7.0.0":
  version: 7.0.0
  resolution: "pino-std-serializers@npm:7.0.0"
  checksum: 10c0/73e694d542e8de94445a03a98396cf383306de41fd75ecc07085d57ed7a57896198508a0dec6eefad8d701044af21eb27253ccc352586a03cf0d4a0bd25b4133
  languageName: node
  linkType: hard

"pino@npm:^9.0.0":
  version: 9.3.2
  resolution: "pino@npm:9.3.2"
  dependencies:
    atomic-sleep: "npm:^1.0.0"
    fast-redact: "npm:^3.1.1"
    on-exit-leak-free: "npm:^2.1.0"
    pino-abstract-transport: "npm:^1.2.0"
    pino-std-serializers: "npm:^7.0.0"
    process-warning: "npm:^4.0.0"
    quick-format-unescaped: "npm:^4.0.3"
    real-require: "npm:^0.2.0"
    safe-stable-stringify: "npm:^2.3.1"
    sonic-boom: "npm:^4.0.1"
    thread-stream: "npm:^3.0.0"
  bin:
    pino: bin.js
  checksum: 10c0/698eb2ebfcc4252da9d035fcf9c999bf27615b66ebc47f9b3d7e942750e50ebe38429e6457abcf8014d70125964ddf114e696cb8225b480d9930271708e3fb52
  languageName: node
  linkType: hard

"process-warning@npm:^3.0.0":
  version: 3.0.0
  resolution: "process-warning@npm:3.0.0"
  checksum: 10c0/60f3c8ddee586f0706c1e6cb5aa9c86df05774b9330d792d7c8851cf0031afd759d665404d07037e0b4901b55c44a423f07bdc465c63de07d8d23196bb403622
  languageName: node
  linkType: hard

"process-warning@npm:^4.0.0":
  version: 4.0.0
  resolution: "process-warning@npm:4.0.0"
  checksum: 10c0/5312a72b69d37a1b82ad03f3dfa0090dab3804a8fd995d06c28e3c002852bd82f5584217d9f4a3f197892bb2afc22d57e2c662c7e906b5abb48c0380c7b0880d
  languageName: node
  linkType: hard

"process@npm:^0.11.10":
  version: 0.11.10
  resolution: "process@npm:0.11.10"
  checksum: 10c0/40c3ce4b7e6d4b8c3355479df77aeed46f81b279818ccdc500124e6a5ab882c0cc81ff7ea16384873a95a74c4570b01b120f287abbdd4c877931460eca6084b3
  languageName: node
  linkType: hard

"proxy-addr@npm:^2.0.7":
  version: 2.0.7
  resolution: "proxy-addr@npm:2.0.7"
  dependencies:
    forwarded: "npm:0.2.0"
    ipaddr.js: "npm:1.9.1"
  checksum: 10c0/c3eed999781a35f7fd935f398b6d8920b6fb00bbc14287bc6de78128ccc1a02c89b95b56742bf7cf0362cc333c61d138532049c7dedc7a328ef13343eff81210
  languageName: node
  linkType: hard

"quick-format-unescaped@npm:^4.0.3":
  version: 4.0.4
  resolution: "quick-format-unescaped@npm:4.0.4"
  checksum: 10c0/fe5acc6f775b172ca5b4373df26f7e4fd347975578199e7d74b2ae4077f0af05baa27d231de1e80e8f72d88275ccc6028568a7a8c9ee5e7368ace0e18eff93a4
  languageName: node
  linkType: hard

"readable-stream@npm:^4.0.0":
  version: 4.5.2
  resolution: "readable-stream@npm:4.5.2"
  dependencies:
    abort-controller: "npm:^3.0.0"
    buffer: "npm:^6.0.3"
    events: "npm:^3.3.0"
    process: "npm:^0.11.10"
    string_decoder: "npm:^1.3.0"
  checksum: 10c0/a2c80e0e53aabd91d7df0330929e32d0a73219f9477dbbb18472f6fdd6a11a699fc5d172a1beff98d50eae4f1496c950ffa85b7cc2c4c196963f289a5f39275d
  languageName: node
  linkType: hard

"real-require@npm:^0.2.0":
  version: 0.2.0
  resolution: "real-require@npm:0.2.0"
  checksum: 10c0/23eea5623642f0477412ef8b91acd3969015a1501ed34992ada0e3af521d3c865bb2fe4cdbfec5fe4b505f6d1ef6a03e5c3652520837a8c3b53decff7e74b6a0
  languageName: node
  linkType: hard

"redis@npm:^4.7.0":
  version: 4.7.0
  resolution: "redis@npm:4.7.0"
  dependencies:
    "@redis/bloom": "npm:1.2.0"
    "@redis/client": "npm:1.6.0"
    "@redis/graph": "npm:1.1.1"
    "@redis/json": "npm:1.0.7"
    "@redis/search": "npm:1.2.0"
    "@redis/time-series": "npm:1.1.0"
  checksum: 10c0/a05632a58adbcaa4566238073cd6d00ed008522d2ef015a31aaef200c184a4eff4fa007c514eda91dda1e1205350b5901d0c7b58824dbfa593feb81a0087bf4d
  languageName: node
  linkType: hard

"require-from-string@npm:^2.0.2":
  version: 2.0.2
  resolution: "require-from-string@npm:2.0.2"
  checksum: 10c0/aaa267e0c5b022fc5fd4eef49d8285086b15f2a1c54b28240fdf03599cbd9c26049fee3eab894f2e1f6ca65e513b030a7c264201e3f005601e80c49fb2937ce2
  languageName: node
  linkType: hard

"ret@npm:~0.4.0":
  version: 0.4.3
  resolution: "ret@npm:0.4.3"
  checksum: 10c0/93e4e81cf393ebbafa1a26816e0b22ad0e2539c10e267d46ce8754c3f385b7aa839772ee1f83fdd2487b43d1081f29af41a19160e85456311f6f1778e14ba66b
  languageName: node
  linkType: hard

"reusify@npm:^1.0.4":
  version: 1.0.4
  resolution: "reusify@npm:1.0.4"
  checksum: 10c0/c19ef26e4e188f408922c46f7ff480d38e8dfc55d448310dfb518736b23ed2c4f547fb64a6ed5bdba92cd7e7ddc889d36ff78f794816d5e71498d645ef476107
  languageName: node
  linkType: hard

"rfdc@npm:^1.2.0, rfdc@npm:^1.3.0":
  version: 1.4.1
  resolution: "rfdc@npm:1.4.1"
  checksum: 10c0/4614e4292356cafade0b6031527eea9bc90f2372a22c012313be1dcc69a3b90c7338158b414539be863fa95bfcb2ddcd0587be696841af4e6679d85e62c060c7
  languageName: node
  linkType: hard

"safe-buffer@npm:~5.2.0":
  version: 5.2.1
  resolution: "safe-buffer@npm:5.2.1"
  checksum: 10c0/6501914237c0a86e9675d4e51d89ca3c21ffd6a31642efeba25ad65720bce6921c9e7e974e5be91a786b25aa058b5303285d3c15dbabf983a919f5f630d349f3
  languageName: node
  linkType: hard

"safe-regex2@npm:^3.1.0":
  version: 3.1.0
  resolution: "safe-regex2@npm:3.1.0"
  dependencies:
    ret: "npm:~0.4.0"
  checksum: 10c0/5e5e7f9f116ddfd324b1fdc65ad4470937eebc8883d34669ce8c5afbda64f1954e5e4c2e754ef6281e5f6762e0b8c4e20fb9eec4d47355526f8cc1f6a9764624
  languageName: node
  linkType: hard

"safe-stable-stringify@npm:^2.3.1":
  version: 2.5.0
  resolution: "safe-stable-stringify@npm:2.5.0"
  checksum: 10c0/baea14971858cadd65df23894a40588ed791769db21bafb7fd7608397dbdce9c5aac60748abae9995e0fc37e15f2061980501e012cd48859740796bea2987f49
  languageName: node
  linkType: hard

"secure-json-parse@npm:^2.7.0":
  version: 2.7.0
  resolution: "secure-json-parse@npm:2.7.0"
  checksum: 10c0/f57eb6a44a38a3eeaf3548228585d769d788f59007454214fab9ed7f01fbf2e0f1929111da6db28cf0bcc1a2e89db5219a59e83eeaec3a54e413a0197ce879e4
  languageName: node
  linkType: hard

"semver@npm:^7.5.4":
  version: 7.6.3
  resolution: "semver@npm:7.6.3"
  bin:
    semver: bin/semver.js
  checksum: 10c0/88f33e148b210c153873cb08cfe1e281d518aaa9a666d4d148add6560db5cd3c582f3a08ccb91f38d5f379ead256da9931234ed122057f40bb5766e65e58adaf
  languageName: node
  linkType: hard

"set-cookie-parser@npm:^2.4.1":
  version: 2.7.0
  resolution: "set-cookie-parser@npm:2.7.0"
  checksum: 10c0/5ccb2d0389bda27631d57e44644319f0b77200e7c8bd1515824eb83dbd2d351864a29581f7e7f977a5aeb83c3ec9976e69b706a80ac654152fd26353011ffef4
  languageName: node
  linkType: hard

"socket.io-adapter@npm:~2.5.2":
  version: 2.5.5
  resolution: "socket.io-adapter@npm:2.5.5"
  dependencies:
    debug: "npm:~4.3.4"
    ws: "npm:~8.17.1"
  checksum: 10c0/04a5a2a9c4399d1b6597c2afc4492ab1e73430cc124ab02b09e948eabf341180b3866e2b61b5084cb899beb68a4db7c328c29bda5efb9207671b5cb0bc6de44e
  languageName: node
  linkType: hard

"socket.io-parser@npm:~4.2.4":
  version: 4.2.4
  resolution: "socket.io-parser@npm:4.2.4"
  dependencies:
    "@socket.io/component-emitter": "npm:~3.1.0"
    debug: "npm:~4.3.1"
  checksum: 10c0/9383b30358fde4a801ea4ec5e6860915c0389a091321f1c1f41506618b5cf7cd685d0a31c587467a0c4ee99ef98c2b99fb87911f9dfb329716c43b587f29ca48
  languageName: node
  linkType: hard

"socket.io@npm:^4.7.5":
  version: 4.7.5
  resolution: "socket.io@npm:4.7.5"
  dependencies:
    accepts: "npm:~1.3.4"
    base64id: "npm:~2.0.0"
    cors: "npm:~2.8.5"
    debug: "npm:~4.3.2"
    engine.io: "npm:~6.5.2"
    socket.io-adapter: "npm:~2.5.2"
    socket.io-parser: "npm:~4.2.4"
  checksum: 10c0/221a2cd25f6077d6672cb8b19921336e1acf06788d4bade74953dc96dbfd8b788a5f721b051341a34ee81ef8e1b2028d39ad5257516776400a3f8f3f01255c5e
  languageName: node
  linkType: hard

"sonic-boom@npm:^4.0.1":
  version: 4.0.1
  resolution: "sonic-boom@npm:4.0.1"
  dependencies:
    atomic-sleep: "npm:^1.0.0"
  checksum: 10c0/7b467f2bc8af7ff60bf210382f21c59728cc4b769af9b62c31dd88723f5cc472752d2320736cc366acc7c765ddd5bec3072c033b0faf249923f576a7453ba9d3
  languageName: node
  linkType: hard

"split2@npm:^4.0.0":
  version: 4.2.0
  resolution: "split2@npm:4.2.0"
  checksum: 10c0/b292beb8ce9215f8c642bb68be6249c5a4c7f332fc8ecadae7be5cbdf1ea95addc95f0459ef2e7ad9d45fd1064698a097e4eb211c83e772b49bc0ee423e91534
  languageName: node
  linkType: hard

"string_decoder@npm:^1.3.0":
  version: 1.3.0
  resolution: "string_decoder@npm:1.3.0"
  dependencies:
    safe-buffer: "npm:~5.2.0"
  checksum: 10c0/810614ddb030e271cd591935dcd5956b2410dd079d64ff92a1844d6b7588bf992b3e1b69b0f4d34a3e06e0bd73046ac646b5264c1987b20d0601f81ef35d731d
  languageName: node
  linkType: hard

"thread-stream@npm:^3.0.0":
  version: 3.1.0
  resolution: "thread-stream@npm:3.1.0"
  dependencies:
    real-require: "npm:^0.2.0"
  checksum: 10c0/c36118379940b77a6ef3e6f4d5dd31e97b8210c3f7b9a54eb8fe6358ab173f6d0acfaf69b9c3db024b948c0c5fd2a7df93e2e49151af02076b35ada3205ec9a6
  languageName: node
  linkType: hard

"toad-cache@npm:^3.3.0":
  version: 3.7.0
  resolution: "toad-cache@npm:3.7.0"
  checksum: 10c0/7dae2782ee20b22c9798bb8b71dec7ec6a0091021d2ea9dd6e8afccab6b65b358fdba49a02209fac574499702e2c000660721516c87c2538d1b2c0ba03e8c0c3
  languageName: node
  linkType: hard

"undici-types@npm:~6.19.2":
  version: 6.19.8
  resolution: "undici-types@npm:6.19.8"
  checksum: 10c0/078afa5990fba110f6824823ace86073b4638f1d5112ee26e790155f481f2a868cc3e0615505b6f4282bdf74a3d8caad715fd809e870c2bb0704e3ea6082f344
  languageName: node
  linkType: hard

"vary@npm:^1":
  version: 1.1.2
  resolution: "vary@npm:1.1.2"
  checksum: 10c0/f15d588d79f3675135ba783c91a4083dcd290a2a5be9fcb6514220a1634e23df116847b1cc51f66bfb0644cf9353b2abb7815ae499bab06e46dd33c1a6bf1f4f
  languageName: node
  linkType: hard

"ws@npm:~8.17.1":
  version: 8.17.1
  resolution: "ws@npm:8.17.1"
  peerDependencies:
    bufferutil: ^4.0.1
    utf-8-validate: ">=5.0.2"
  peerDependenciesMeta:
    bufferutil:
      optional: true
    utf-8-validate:
      optional: true
  checksum: 10c0/f4a49064afae4500be772abdc2211c8518f39e1c959640457dcee15d4488628620625c783902a52af2dd02f68558da2868fd06e6fd0e67ebcd09e6881b1b5bfe
  languageName: node
  linkType: hard

"yallist@npm:4.0.0":
  version: 4.0.0
  resolution: "yallist@npm:4.0.0"
  checksum: 10c0/2286b5e8dbfe22204ab66e2ef5cc9bbb1e55dfc873bbe0d568aa943eb255d131890dfd5bf243637273d31119b870f49c18fcde2c6ffbb7a7a092b870dc90625a
  languageName: node
  linkType: hard
