# This file is generated by running "yarn install" inside your project.
# Manual changes might be lost - proceed with caution!

__metadata:
  version: 8
  cacheKey: 10c0

"@socket.io/component-emitter@npm:~3.1.0":
  version: 3.1.2
  resolution: "@socket.io/component-emitter@npm:3.1.2"
  checksum: 10c0/c4242bad66f67e6f7b712733d25b43cbb9e19a595c8701c3ad99cbeb5901555f78b095e24852f862fffb43e96f1d8552e62def885ca82ae1bb05da3668fd87d7
  languageName: node
  linkType: hard

"@types/cookie@npm:^0.4.1":
  version: 0.4.1
  resolution: "@types/cookie@npm:0.4.1"
  checksum: 10c0/f96afe12bd51be1ec61410b0641243d93fa3a494702407c787a4c872b5c8bcd39b224471452055e44a9ce42af1a636e87d161994226eaf4c2be9c30f60418409
  languageName: node
  linkType: hard

"@types/cors@npm:^2.8.12":
  version: 2.8.17
  resolution: "@types/cors@npm:2.8.17"
  dependencies:
    "@types/node": "npm:*"
  checksum: 10c0/457364c28c89f3d9ed34800e1de5c6eaaf344d1bb39af122f013322a50bc606eb2aa6f63de4e41a7a08ba7ef454473926c94a830636723da45bf786df032696d
  languageName: node
  linkType: hard

"@types/node@npm:*, @types/node@npm:>=10.0.0":
  version: 22.5.1
  resolution: "@types/node@npm:22.5.1"
  dependencies:
    undici-types: "npm:~6.19.2"
  checksum: 10c0/35373176d8a1d4e16004a1ed303e68d39e4c6341024dc056f2577982df98c1a045a6b677f12ed557796f09bbf7d621f428f6874cc37ed28f7b336fa604b5f6a6
  languageName: node
  linkType: hard

"accepts@npm:~1.3.4":
  version: 1.3.8
  resolution: "accepts@npm:1.3.8"
  dependencies:
    mime-types: "npm:~2.1.34"
    negotiator: "npm:0.6.3"
  checksum: 10c0/3a35c5f5586cfb9a21163ca47a5f77ac34fa8ceb5d17d2fa2c0d81f41cbd7f8c6fa52c77e2c039acc0f4d09e71abdc51144246900f6bef5e3c4b333f77d89362
  languageName: node
  linkType: hard

"backend-party-drawing@workspace:.":
  version: 0.0.0-use.local
  resolution: "backend-party-drawing@workspace:."
  dependencies:
    socket.io: "npm:^4.7.5"
  languageName: unknown
  linkType: soft

"base64id@npm:2.0.0, base64id@npm:~2.0.0":
  version: 2.0.0
  resolution: "base64id@npm:2.0.0"
  checksum: 10c0/6919efd237ed44b9988cbfc33eca6f173a10e810ce50292b271a1a421aac7748ef232a64d1e6032b08f19aae48dce6ee8f66c5ae2c9e5066c82b884861d4d453
  languageName: node
  linkType: hard

"cookie@npm:~0.4.1":
  version: 0.4.2
  resolution: "cookie@npm:0.4.2"
  checksum: 10c0/beab41fbd7c20175e3a2799ba948c1dcc71ef69f23fe14eeeff59fc09f50c517b0f77098db87dbb4c55da802f9d86ee86cdc1cd3efd87760341551838d53fca2
  languageName: node
  linkType: hard

"cors@npm:~2.8.5":
  version: 2.8.5
  resolution: "cors@npm:2.8.5"
  dependencies:
    object-assign: "npm:^4"
    vary: "npm:^1"
  checksum: 10c0/373702b7999409922da80de4a61938aabba6929aea5b6fd9096fefb9e8342f626c0ebd7507b0e8b0b311380744cc985f27edebc0a26e0ddb784b54e1085de761
  languageName: node
  linkType: hard

"debug@npm:~4.3.1, debug@npm:~4.3.2, debug@npm:~4.3.4":
  version: 4.3.6
  resolution: "debug@npm:4.3.6"
  dependencies:
    ms: "npm:2.1.2"
  peerDependenciesMeta:
    supports-color:
      optional: true
  checksum: 10c0/3293416bff072389c101697d4611c402a6bacd1900ac20c0492f61a9cdd6b3b29750fc7f5e299f8058469ef60ff8fb79b86395a30374fbd2490113c1c7112285
  languageName: node
  linkType: hard

"engine.io-parser@npm:~5.2.1":
  version: 5.2.3
  resolution: "engine.io-parser@npm:5.2.3"
  checksum: 10c0/ed4900d8dbef470ab3839ccf3bfa79ee518ea8277c7f1f2759e8c22a48f64e687ea5e474291394d0c94f84054749fd93f3ef0acb51fa2f5f234cc9d9d8e7c536
  languageName: node
  linkType: hard

"engine.io@npm:~6.5.2":
  version: 6.5.5
  resolution: "engine.io@npm:6.5.5"
  dependencies:
    "@types/cookie": "npm:^0.4.1"
    "@types/cors": "npm:^2.8.12"
    "@types/node": "npm:>=10.0.0"
    accepts: "npm:~1.3.4"
    base64id: "npm:2.0.0"
    cookie: "npm:~0.4.1"
    cors: "npm:~2.8.5"
    debug: "npm:~4.3.1"
    engine.io-parser: "npm:~5.2.1"
    ws: "npm:~8.17.1"
  checksum: 10c0/b0994134917c5d3649fd7aea283492eaf092131e572a8d379c7c9081548b42cff756730b4641edd0d1598148dd3be253c4d634cea2ba5c59622d175d9e567469
  languageName: node
  linkType: hard

"mime-db@npm:1.52.0":
  version: 1.52.0
  resolution: "mime-db@npm:1.52.0"
  checksum: 10c0/0557a01deebf45ac5f5777fe7740b2a5c309c6d62d40ceab4e23da9f821899ce7a900b7ac8157d4548ddbb7beffe9abc621250e6d182b0397ec7f10c7b91a5aa
  languageName: node
  linkType: hard

"mime-types@npm:~2.1.34":
  version: 2.1.35
  resolution: "mime-types@npm:2.1.35"
  dependencies:
    mime-db: "npm:1.52.0"
  checksum: 10c0/82fb07ec56d8ff1fc999a84f2f217aa46cb6ed1033fefaabd5785b9a974ed225c90dc72fff460259e66b95b73648596dbcc50d51ed69cdf464af2d237d3149b2
  languageName: node
  linkType: hard

"ms@npm:2.1.2":
  version: 2.1.2
  resolution: "ms@npm:2.1.2"
  checksum: 10c0/a437714e2f90dbf881b5191d35a6db792efbca5badf112f87b9e1c712aace4b4b9b742dd6537f3edf90fd6f684de897cec230abde57e87883766712ddda297cc
  languageName: node
  linkType: hard

"negotiator@npm:0.6.3":
  version: 0.6.3
  resolution: "negotiator@npm:0.6.3"
  checksum: 10c0/3ec9fd413e7bf071c937ae60d572bc67155262068ed522cf4b3be5edbe6ddf67d095ec03a3a14ebf8fc8e95f8e1d61be4869db0dbb0de696f6b837358bd43fc2
  languageName: node
  linkType: hard

"object-assign@npm:^4":
  version: 4.1.1
  resolution: "object-assign@npm:4.1.1"
  checksum: 10c0/1f4df9945120325d041ccf7b86f31e8bcc14e73d29171e37a7903050e96b81323784ec59f93f102ec635bcf6fa8034ba3ea0a8c7e69fa202b87ae3b6cec5a414
  languageName: node
  linkType: hard

"socket.io-adapter@npm:~2.5.2":
  version: 2.5.5
  resolution: "socket.io-adapter@npm:2.5.5"
  dependencies:
    debug: "npm:~4.3.4"
    ws: "npm:~8.17.1"
  checksum: 10c0/04a5a2a9c4399d1b6597c2afc4492ab1e73430cc124ab02b09e948eabf341180b3866e2b61b5084cb899beb68a4db7c328c29bda5efb9207671b5cb0bc6de44e
  languageName: node
  linkType: hard

"socket.io-parser@npm:~4.2.4":
  version: 4.2.4
  resolution: "socket.io-parser@npm:4.2.4"
  dependencies:
    "@socket.io/component-emitter": "npm:~3.1.0"
    debug: "npm:~4.3.1"
  checksum: 10c0/9383b30358fde4a801ea4ec5e6860915c0389a091321f1c1f41506618b5cf7cd685d0a31c587467a0c4ee99ef98c2b99fb87911f9dfb329716c43b587f29ca48
  languageName: node
  linkType: hard

"socket.io@npm:^4.7.5":
  version: 4.7.5
  resolution: "socket.io@npm:4.7.5"
  dependencies:
    accepts: "npm:~1.3.4"
    base64id: "npm:~2.0.0"
    cors: "npm:~2.8.5"
    debug: "npm:~4.3.2"
    engine.io: "npm:~6.5.2"
    socket.io-adapter: "npm:~2.5.2"
    socket.io-parser: "npm:~4.2.4"
  checksum: 10c0/221a2cd25f6077d6672cb8b19921336e1acf06788d4bade74953dc96dbfd8b788a5f721b051341a34ee81ef8e1b2028d39ad5257516776400a3f8f3f01255c5e
  languageName: node
  linkType: hard

"undici-types@npm:~6.19.2":
  version: 6.19.8
  resolution: "undici-types@npm:6.19.8"
  checksum: 10c0/078afa5990fba110f6824823ace86073b4638f1d5112ee26e790155f481f2a868cc3e0615505b6f4282bdf74a3d8caad715fd809e870c2bb0704e3ea6082f344
  languageName: node
  linkType: hard

"vary@npm:^1":
  version: 1.1.2
  resolution: "vary@npm:1.1.2"
  checksum: 10c0/f15d588d79f3675135ba783c91a4083dcd290a2a5be9fcb6514220a1634e23df116847b1cc51f66bfb0644cf9353b2abb7815ae499bab06e46dd33c1a6bf1f4f
  languageName: node
  linkType: hard

"ws@npm:~8.17.1":
  version: 8.17.1
  resolution: "ws@npm:8.17.1"
  peerDependencies:
    bufferutil: ^4.0.1
    utf-8-validate: ">=5.0.2"
  peerDependenciesMeta:
    bufferutil:
      optional: true
    utf-8-validate:
      optional: true
  checksum: 10c0/f4a49064afae4500be772abdc2211c8518f39e1c959640457dcee15d4488628620625c783902a52af2dd02f68558da2868fd06e6fd0e67ebcd09e6881b1b5bfe
  languageName: node
  linkType: hard
